
Microsoft Visual Studio Solution File, Format Version 12.00
# Visual Studio Version 16
VisualStudioVersion = 16.0.809.5
MinimumVisualStudioVersion = 10.0.40219.1
Project("{FAE04EC0-301F-11D3-BF4B-00C04F79EFBC}") = "Synology.Api.Client", "Synology.Api.Client\Synology.Api.Client.csproj", "{8C02267E-39DB-40E1-8F89-0355ECF8BD02}"
EndProject
Project("{2150E333-8FDC-42A3-9474-1A3956D46DE8}") = "tests", "tests", "{03CD058F-0B38-4EEB-A4C1-3B48095967BE}"
EndProject
Project("{FAE04EC0-301F-11D3-BF4B-00C04F79EFBC}") = "Synology.Api.Client.Integration.Tests", "Synology.Api.Client.Integration.Tests\Synology.Api.Client.Integration.Tests.csproj", "{D1DDFBA2-4D33-414C-8C8E-24BFE207B959}"
EndProject
Project("{FAE04EC0-301F-11D3-BF4B-00C04F79EFBC}") = "Synology.Api.Client.Tests", "Synology.Api.Client.Tests\Synology.Api.Client.Tests.csproj", "{B036174F-FDC2-45CB-A49B-733A6201FB46}"
EndProject
Project("{2150E333-8FDC-42A3-9474-1A3956D46DE8}") = "Solution Items", "Solution Items", "{BEC58125-FE06-4D39-A703-1D9095166A1F}"
	ProjectSection(SolutionItems) = preProject
		..\appveyor.yml = ..\appveyor.yml
		..\.editorconfig = ..\.editorconfig
		..\Directory.Build.props = ..\Directory.Build.props
		..\README.md = ..\README.md
	EndProjectSection
EndProject
Project("{2150E333-8FDC-42A3-9474-1A3956D46DE8}") = "samples", "samples", "{BF1B3A31-561E-4445-8BE1-519DA850805E}"
EndProject
Project("{FAE04EC0-301F-11D3-BF4B-00C04F79EFBC}") = "Dotnet8Sample", "..\samples\Dotnet8Sample\Dotnet8Sample.csproj", "{5627EB5C-8AF3-4B79-B046-94ECBBCD35A5}"
EndProject
Global
	GlobalSection(SolutionConfigurationPlatforms) = preSolution
		Debug|Any CPU = Debug|Any CPU
		Release|Any CPU = Release|Any CPU
	EndGlobalSection
	GlobalSection(ProjectConfigurationPlatforms) = postSolution
		{8C02267E-39DB-40E1-8F89-0355ECF8BD02}.Debug|Any CPU.ActiveCfg = Debug|Any CPU
		{8C02267E-39DB-40E1-8F89-0355ECF8BD02}.Debug|Any CPU.Build.0 = Debug|Any CPU
		{8C02267E-39DB-40E1-8F89-0355ECF8BD02}.Release|Any CPU.ActiveCfg = Release|Any CPU
		{8C02267E-39DB-40E1-8F89-0355ECF8BD02}.Release|Any CPU.Build.0 = Release|Any CPU
		{D1DDFBA2-4D33-414C-8C8E-24BFE207B959}.Debug|Any CPU.ActiveCfg = Debug|Any CPU
		{D1DDFBA2-4D33-414C-8C8E-24BFE207B959}.Debug|Any CPU.Build.0 = Debug|Any CPU
		{D1DDFBA2-4D33-414C-8C8E-24BFE207B959}.Release|Any CPU.ActiveCfg = Release|Any CPU
		{D1DDFBA2-4D33-414C-8C8E-24BFE207B959}.Release|Any CPU.Build.0 = Release|Any CPU
		{B036174F-FDC2-45CB-A49B-733A6201FB46}.Debug|Any CPU.ActiveCfg = Debug|Any CPU
		{B036174F-FDC2-45CB-A49B-733A6201FB46}.Debug|Any CPU.Build.0 = Debug|Any CPU
		{B036174F-FDC2-45CB-A49B-733A6201FB46}.Release|Any CPU.ActiveCfg = Release|Any CPU
		{B036174F-FDC2-45CB-A49B-733A6201FB46}.Release|Any CPU.Build.0 = Release|Any CPU
		{5627EB5C-8AF3-4B79-B046-94ECBBCD35A5}.Debug|Any CPU.ActiveCfg = Debug|Any CPU
		{5627EB5C-8AF3-4B79-B046-94ECBBCD35A5}.Debug|Any CPU.Build.0 = Debug|Any CPU
		{5627EB5C-8AF3-4B79-B046-94ECBBCD35A5}.Release|Any CPU.ActiveCfg = Release|Any CPU
		{5627EB5C-8AF3-4B79-B046-94ECBBCD35A5}.Release|Any CPU.Build.0 = Release|Any CPU
	EndGlobalSection
	GlobalSection(SolutionProperties) = preSolution
		HideSolutionNode = FALSE
	EndGlobalSection
	GlobalSection(ExtensibilityGlobals) = postSolution
		SolutionGuid = {000AD070-5A37-482B-B208-63C19326DABF}
	EndGlobalSection
	GlobalSection(NestedProjects) = preSolution
		{D1DDFBA2-4D33-414C-8C8E-24BFE207B959} = {03CD058F-0B38-4EEB-A4C1-3B48095967BE}
		{B036174F-FDC2-45CB-A49B-733A6201FB46} = {03CD058F-0B38-4EEB-A4C1-3B48095967BE}
		{5627EB5C-8AF3-4B79-B046-94ECBBCD35A5} = {BF1B3A31-561E-4445-8BE1-519DA850805E}
	EndGlobalSection
EndGlobal
